{
  "name": "devopsdays",
  "version": "1.0.0",
  "lockfileVersion": 1,
  "requires": true,
  "dependencies": {
    "@digdir/ds-core-css": {
      "version": "0.4.0",
      "resolved": "https://registry.npmjs.org/@digdir/ds-core-css/-/ds-core-css-0.4.0.tgz",
      "integrity": "sha512-OwVNiKmM4RV4S+z0uFTm6X4vUUANjjoF3bN5ev3QVWYeMOKcG3zNnYiKubwDGWmoeYdquG5q2ADBvXRnVhhthw==",
      "requires": {
        "@digdir/ds-tokens": "^1.6.1"
      },
      "dependencies": {
        "@digdir/ds-tokens": {
          "version": "1.6.1",
          "resolved": "https://registry.npmjs.org/@digdir/ds-tokens/-/ds-tokens-1.6.1.tgz",
          "integrity": "sha512-016RAGO2Ya69RiLivR0ftHJTThWrZe19rGE0iG2LURQ+WM1bKJVlPXyGJ6aPLABd4FJewqCsi8MFnEELsg/lwg=="
        }
      }
    },
    "@digdir/ds-tokens": {
      "version": "1.3.0",
      "resolved": "https://registry.npmjs.org/@digdir/ds-tokens/-/ds-tokens-1.3.0.tgz",
      "integrity": "sha512-eve95QgY7C0dwxSTpk2oNBKzvYw4vOrjagBDjtR4CEHXf0wltayZ+JZ+200J2b1rFuWxCJXBXsWVX/izDt40Fw=="
    },
    "bootstrap": {
      "version": "5.1.3",
      "resolved": "https://registry.npmjs.org/bootstrap/-/bootstrap-5.1.3.tgz",
      "integrity": "sha512-fcQztozJ8jToQWXxVuEyXWW+dSo8AiXWKwiSSrKWsRB/Qt+Ewwza+JWoLKiTuQLaEPhdNAJ7+Dosc9DOIqNy7Q=="
    }
  }
}
