{
  "name": "devopsdays",
  "version": "1.0.0",
  "lockfileVersion": 1,
  "requires": true,
  "dependencies": {
    "@digdir/ds-tokens": {
      "version": "1.3.0",
      "resolved": "https://registry.npmjs.org/@digdir/ds-tokens/-/ds-tokens-1.3.0.tgz",
      "integrity": "sha512-eve95QgY7C0dwxSTpk2oNBKzvYw4vOrjagBDjtR4CEHXf0wltayZ+JZ+200J2b1rFuWxCJXBXsWVX/izDt40Fw=="
    },
    "bootstrap": {
      "version": "5.1.3",
      "resolved": "https://registry.npmjs.org/bootstrap/-/bootstrap-5.1.3.tgz",
      "integrity": "sha512-fcQztozJ8jToQWXxVuEyXWW+dSo8AiXWKwiSSrKWsRB/Qt+Ewwza+JWoLKiTuQLaEPhdNAJ7+Dosc9DOIqNy7Q=="
    }
  }
}
